<?xml version="1.0" encoding="utf-8"?>
<Project ToolsVersion="4.0" xmlns="http://schemas.microsoft.com/developer/msbuild/2003">
  <ItemGroup>
    <Filter Include="소스 파일">
      <UniqueIdentifier>{4FC737F1-C7A5-4376-A066-2A32D752A2FF}</UniqueIdentifier>
      <Extensions>cpp;c;cc;cxx;c++;cppm;ixx;def;odl;idl;hpj;bat;asm;asmx</Extensions>
    </Filter>
    <Filter Include="헤더 파일">
      <UniqueIdentifier>{93995380-89BD-4b04-88EB-625FBE52EBFB}</UniqueIdentifier>
      <Extensions>h;hh;hpp;hxx;h++;hm;inl;inc;ipp;xsd</Extensions>
    </Filter>
    <Filter Include="리소스 파일">
      <UniqueIdentifier>{67DA6AB6-F800-4c08-8B7A-83BB121AAD01}</UniqueIdentifier>
      <Extensions>rc;ico;cur;bmp;dlg;rc2;rct;bin;rgs;gif;jpg;jpeg;jpe;resx;tiff;tif;png;wav;mfcribbon-ms</Extensions>
    </Filter>
    <Filter Include="소스 파일\TUI">
      <UniqueIdentifier>{dfe50f01-62b0-482c-8896-c0309dadd30e}</UniqueIdentifier>
    </Filter>
    <Filter Include="소스 파일\TUI\udata">
      <UniqueIdentifier>{2f0c83ec-1329-4001-a346-138e04d8183c}</UniqueIdentifier>
    </Filter>
  </ItemGroup>
  <ItemGroup>
    <ClInclude Include="..\..\source\admin.h">
      <Filter>소스 파일</Filter>
    </ClInclude>
    <ClInclude Include="..\..\source\coupon.h">
      <Filter>소스 파일</Filter>
    </ClInclude>
    <ClInclude Include="..\..\source\customer.h">
      <Filter>소스 파일</Filter>
    </ClInclude>
    <ClInclude Include="..\..\source\filelog.h">
      <Filter>소스 파일</Filter>
    </ClInclude>
    <ClInclude Include="..\..\source\menu.h">
      <Filter>소스 파일</Filter>
    </ClInclude>
    <ClInclude Include="..\..\source\queue.h">
      <Filter>소스 파일</Filter>
    </ClInclude>
    <ClInclude Include="..\..\source\report.h">
      <Filter>소스 파일</Filter>
    </ClInclude>
    <ClInclude Include="..\..\source\sell.h">
      <Filter>소스 파일</Filter>
    </ClInclude>
    <ClInclude Include="..\..\source\sqlite3.h">
      <Filter>소스 파일</Filter>
    </ClInclude>
    <ClInclude Include="..\..\source\TUI\tui.h">
      <Filter>소스 파일\TUI</Filter>
    </ClInclude>
    <ClInclude Include="..\..\source\TUI\tui_active_element.h">
      <Filter>소스 파일\TUI</Filter>
    </ClInclude>
    <ClInclude Include="..\..\source\TUI\tui_animation.h">
      <Filter>소스 파일\TUI</Filter>
    </ClInclude>
    <ClInclude Include="..\..\source\TUI\tui_appearance.h">
      <Filter>소스 파일\TUI</Filter>
    </ClInclude>
    <ClInclude Include="..\..\source\TUI\tui_bar.h">
      <Filter>소스 파일\TUI</Filter>
    </ClInclude>
    <ClInclude Include="..\..\source\TUI\tui_box.h">
      <Filter>소스 파일\TUI</Filter>
    </ClInclude>
    <ClInclude Include="..\..\source\TUI\tui_button.h">
      <Filter>소스 파일\TUI</Filter>
    </ClInclude>
    <ClInclude Include="..\..\source\TUI\tui_chart.h">
      <Filter>소스 파일\TUI</Filter>
    </ClInclude>
    <ClInclude Include="..\..\source\TUI\tui_color.h">
      <Filter>소스 파일\TUI</Filter>
    </ClInclude>
    <ClInclude Include="..\..\source\TUI\tui_drop_list.h">
      <Filter>소스 파일\TUI</Filter>
    </ClInclude>
    <ClInclude Include="..\..\source\TUI\tui_group.h">
      <Filter>소스 파일\TUI</Filter>
    </ClInclude>
    <ClInclude Include="..\..\source\TUI\tui_input.h">
      <Filter>소스 파일\TUI</Filter>
    </ClInclude>
    <ClInclude Include="..\..\source\TUI\tui_input_text.h">
      <Filter>소스 파일\TUI</Filter>
    </ClInclude>
    <ClInclude Include="..\..\source\TUI\tui_io.h">
      <Filter>소스 파일\TUI</Filter>
    </ClInclude>
    <ClInclude Include="..\..\source\TUI\tui_line.h">
      <Filter>소스 파일\TUI</Filter>
    </ClInclude>
    <ClInclude Include="..\..\source\TUI\tui_line_input.h">
      <Filter>소스 파일\TUI</Filter>
    </ClInclude>
    <ClInclude Include="..\..\source\TUI\tui_list.h">
      <Filter>소스 파일\TUI</Filter>
    </ClInclude>
    <ClInclude Include="..\..\source\TUI\tui_navigation_group.h">
      <Filter>소스 파일\TUI</Filter>
    </ClInclude>
    <ClInclude Include="..\..\source\TUI\tui_output.h">
      <Filter>소스 파일\TUI</Filter>
    </ClInclude>
    <ClInclude Include="..\..\source\TUI\tui_radio_button.h">
      <Filter>소스 파일\TUI</Filter>
    </ClInclude>
    <ClInclude Include="..\..\source\TUI\tui_rectangle.h">
      <Filter>소스 파일\TUI</Filter>
    </ClInclude>
    <ClInclude Include="..\..\source\TUI\tui_scroll.h">
      <Filter>소스 파일\TUI</Filter>
    </ClInclude>
    <ClInclude Include="..\..\source\TUI\tui_slider.h">
      <Filter>소스 파일\TUI</Filter>
    </ClInclude>
    <ClInclude Include="..\..\source\TUI\tui_surface.h">
      <Filter>소스 파일\TUI</Filter>
    </ClInclude>
    <ClInclude Include="..\..\source\TUI\tui_symbol.h">
      <Filter>소스 파일\TUI</Filter>
    </ClInclude>
    <ClInclude Include="..\..\source\TUI\tui_symbol_string.h">
      <Filter>소스 파일\TUI</Filter>
    </ClInclude>
    <ClInclude Include="..\..\source\TUI\tui_tabs.h">
      <Filter>소스 파일\TUI</Filter>
    </ClInclude>
    <ClInclude Include="..\..\source\TUI\tui_terminal_info.h">
      <Filter>소스 파일\TUI</Filter>
    </ClInclude>
    <ClInclude Include="..\..\source\TUI\tui_text.h">
      <Filter>소스 파일\TUI</Filter>
    </ClInclude>
    <ClInclude Include="..\..\source\TUI\tui_text_utils.h">
      <Filter>소스 파일\TUI</Filter>
    </ClInclude>
    <ClInclude Include="..\..\source\TUI\tui_time_frame.h">
      <Filter>소스 파일\TUI</Filter>
    </ClInclude>
    <ClInclude Include="..\..\source\TUI\tui_unicode_utils.h">
      <Filter>소스 파일\TUI</Filter>
    </ClInclude>
    <ClInclude Include="..\..\source\TUI\tui_vec2.h">
      <Filter>소스 파일\TUI</Filter>
    </ClInclude>
    <ClInclude Include="..\..\source\TUI\udata\grapheme_ranges.h">
      <Filter>소스 파일\TUI\udata</Filter>
    </ClInclude>
    <ClInclude Include="..\..\source\TUI\udata\wide_ranges.h">
      <Filter>소스 파일\TUI\udata</Filter>
    </ClInclude>
  </ItemGroup>
  <ItemGroup>
    <ClCompile Include="..\..\source\main.cpp">
      <Filter>소스 파일</Filter>
    </ClCompile>
    <ClCompile Include="..\..\source\TUI\tui_box.cpp">
      <Filter>소스 파일\TUI</Filter>
    </ClCompile>
    <ClCompile Include="..\..\source\TUI\tui_input.cpp">
      <Filter>소스 파일\TUI</Filter>
    </ClCompile>
    <ClCompile Include="..\..\source\TUI\tui_output.cpp">
      <Filter>소스 파일\TUI</Filter>
    </ClCompile>
    <ClCompile Include="..\..\source\TUI\tui_terminal_info.cpp">
      <Filter>소스 파일\TUI</Filter>
    </ClCompile>
    <ClCompile Include="..\..\source\TUI\tui_unicode_utils.cpp">
      <Filter>소스 파일\TUI</Filter>
    </ClCompile>
  </ItemGroup>
</Project>